<?xml version="1.0" encoding="UTF-8" standalone="yes" ?>
<CodeBlocks_project_file>
	<FileVersion major="1" minor="6" />
	<Project>
		<Option title="open_mp" />
		<Option makefile_is_custom="1" />
		<Option pch_mode="2" />
		<Option default_target="Release" />
		<Option compiler="gcc" />
		<Build>
			<Target title="all">
				<Option type="4" />
				<Option compiler="gcc" />
			</Target>
			<Target title="test">
				<Option type="4" />
				<Option compiler="gcc" />
			</Target>
			<Target title="lib">
				<Option output="open_mp" prefix_auto="1" extension_auto="1" />
				<Option type="0" />
				<Option compiler="gcc" />
			</Target>
			<Target title="exe">
				<Option output="open_mp" prefix_auto="1" extension_auto="1" />
				<Option type="0" />
				<Option compiler="gcc" />
			</Target>
		</Build>
		<Compiler>
			<Add option="-Wall" />
			<Add option="-fopenmp" />
			<Add directory="../" />
		</Compiler>
		<Linker>
			<Add option="-fopenmp" />
			<Add option="-l:libgsl.a" />
			<Add option="-l:libgslcblas.a" />
		</Linker>
		<Unit filename="Makefile">
			<Option target="&lt;{~None~}&gt;" />
		</Unit>
		<Unit filename="implementacion/analizador_de_datos_open_mp.cc">
			<Option target="&lt;{~None~}&gt;" />
		</Unit>
		<Unit filename="implementacion/analizador_de_datos_open_mp.h">
			<Option target="&lt;{~None~}&gt;" />
		</Unit>
		<Unit filename="implementacion/manejador_de_archivos_open_mp.cc">
			<Option target="&lt;{~None~}&gt;" />
		</Unit>
		<Unit filename="implementacion/manejador_de_archivos_open_mp.h">
			<Option target="&lt;{~None~}&gt;" />
		</Unit>
		<Unit filename="main.cc">
			<Option target="&lt;{~None~}&gt;" />
		</Unit>
		<Unit filename="test/analizador_de_datos_open_mp_test.cc">
			<Option target="&lt;{~None~}&gt;" />
		</Unit>
		<Unit filename="test/data/entradaPruebaGrande.csv">
			<Option target="&lt;{~None~}&gt;" />
		</Unit>
		<Unit filename="test/data/entradaPruebaNOK.csv">
			<Option target="&lt;{~None~}&gt;" />
		</Unit>
		<Unit filename="test/data/entradaPruebaOK.csv">
			<Option target="&lt;{~None~}&gt;" />
		</Unit>
		<Unit filename="test/main_test.cc">
			<Option target="&lt;{~None~}&gt;" />
		</Unit>
		<Unit filename="test/manejador_de_archivos_open_mp_test.cc">
			<Option target="&lt;{~None~}&gt;" />
		</Unit>
		<Extensions>
			<code_completion />
			<envvars />
			<debugger />
		</Extensions>
	</Project>
</CodeBlocks_project_file>
