<?xml version="1.0" encoding="UTF-8" standalone="yes" ?>
<CodeBlocks_project_file>
	<FileVersion major="1" minor="6" />
	<Project>
		<Option title="open_mp" />
		<Option pch_mode="2" />
		<Option compiler="gcc" />
		<Build>
			<Target title="Debug">
				<Option output="bin/Debug/clasificador_de_distribuciones_open_mp" prefix_auto="1" extension_auto="1" />
				<Option object_output="obj/Debug/" />
				<Option type="1" />
				<Option compiler="gcc" />
				<Compiler>
					<Add option="-g" />
				</Compiler>
				<Linker>
					<Add library="../componentes_compartidos/bin/Debug/componentes_compartidos.a" />
				</Linker>
			</Target>
			<Target title="Release">
				<Option output="bin/Release/clasificador_de_distribuciones_open_mp" prefix_auto="1" extension_auto="1" />
				<Option object_output="obj/Release/" />
				<Option type="1" />
				<Option compiler="gcc" />
				<Compiler>
					<Add option="-O2" />
				</Compiler>
				<Linker>
					<Add option="-s" />
					<Add library="../componentes_compartidos/bin/Release/componentes_compartidos.a" />
				</Linker>
			</Target>
			<Target title="Test">
				<Option output="bin/Test/clasificador_de_distribuciones_open_mp_test" prefix_auto="1" extension_auto="1" />
				<Option object_output="obj/Release/" />
				<Option type="1" />
				<Option compiler="gcc" />
				<Compiler>
					<Add option="-O2" />
				</Compiler>
				<Linker>
					<Add option="-s" />
					<Add library="../componentes_compartidos/bin/Release/componentes_compartidos.a" />
				</Linker>
				<ExtraCommands>
					<Add after="$exe_output" />
				</ExtraCommands>
			</Target>
		</Build>
		<VirtualTargets>
			<Add alias="Release + Test" targets="Release;Test;" />
		</VirtualTargets>
		<Compiler>
			<Add option="-Wall" />
			<Add option="-fopenmp" />
			<Add directory="../" />
		</Compiler>
		<Linker>
			<Add option="-fopenmp" />
		</Linker>
		<Unit filename="implementacion/analizador_de_datos_open_mp.cc" />
		<Unit filename="implementacion/analizador_de_datos_open_mp.h" />
		<Unit filename="implementacion/manejador_de_archivos_open_mp.cc" />
		<Unit filename="implementacion/manejador_de_archivos_open_mp.h" />
		<Unit filename="main.cc">
			<Option target="Debug" />
			<Option target="Release" />
		</Unit>
		<Unit filename="test/analizador_de_datos_open_mp_test.cc">
			<Option target="Test" />
		</Unit>
		<Unit filename="test/data/entradaPruebaNOK.csv" />
		<Unit filename="test/data/entradaPruebaOK.csv" />
		<Unit filename="test/main_test.cc">
			<Option target="Test" />
		</Unit>
		<Unit filename="test/manejador_de_archivos_open_mp_test.cc">
			<Option target="Test" />
		</Unit>
		<Extensions>
			<code_completion />
			<envvars />
			<debugger />
		</Extensions>
	</Project>
</CodeBlocks_project_file>
